
Microsoft Visual Studio Solution File, Format Version 12.00
# Visual Studio Version 16
VisualStudioVersion = 16.0.30114.105
MinimumVisualStudioVersion = 10.0.40219.1
Project("{FAE04EC0-301F-11D3-BF4B-00C04F79EFBC}") = "League", "League\League.csproj", "{6CB5F7FA-ACFC-407C-9387-B724EED88EE6}"
EndProject
Project("{2150E333-8FDC-42A3-9474-1A3956D46DE8}") = "src", "src", "{9DC7CC74-4E6A-49AE-B18B-EADF2D89528C}"
EndProject
Project("{FAE04EC0-301F-11D3-BF4B-00C04F79EFBC}") = "Common", "src\Common\Common.csproj", "{44967A74-7B11-4B95-8DDA-24105CFE8C42}"
EndProject
Project("{FAE04EC0-301F-11D3-BF4B-00C04F79EFBC}") = "Auth", "src\Auth\Auth.csproj", "{B7F89443-48B4-490D-96C6-DFC52FDC9631}"
EndProject
Project("{2150E333-8FDC-42A3-9474-1A3956D46DE8}") = "Domains", "Domains", "{3485EA49-812F-4324-8B49-B57E3A828286}"
EndProject
Project("{FAE04EC0-301F-11D3-BF4B-00C04F79EFBC}") = "Player", "src\Domains\Player\Player.csproj", "{A9067996-FE22-488E-AEDB-C1A39C0C8A40}"
EndProject
Project("{FAE04EC0-301F-11D3-BF4B-00C04F79EFBC}") = "Team", "src\Domains\Team\Team.csproj", "{D1C4A81F-1F37-42B2-8201-7777058F4B49}"
EndProject
Global
	GlobalSection(SolutionConfigurationPlatforms) = preSolution
		Debug|Any CPU = Debug|Any CPU
		Release|Any CPU = Release|Any CPU
	EndGlobalSection
	GlobalSection(SolutionProperties) = preSolution
		HideSolutionNode = FALSE
	EndGlobalSection
	GlobalSection(ProjectConfigurationPlatforms) = postSolution
		{6CB5F7FA-ACFC-407C-9387-B724EED88EE6}.Debug|Any CPU.ActiveCfg = Debug|Any CPU
		{6CB5F7FA-ACFC-407C-9387-B724EED88EE6}.Debug|Any CPU.Build.0 = Debug|Any CPU
		{6CB5F7FA-ACFC-407C-9387-B724EED88EE6}.Release|Any CPU.ActiveCfg = Release|Any CPU
		{6CB5F7FA-ACFC-407C-9387-B724EED88EE6}.Release|Any CPU.Build.0 = Release|Any CPU
		{44967A74-7B11-4B95-8DDA-24105CFE8C42}.Debug|Any CPU.ActiveCfg = Debug|Any CPU
		{44967A74-7B11-4B95-8DDA-24105CFE8C42}.Debug|Any CPU.Build.0 = Debug|Any CPU
		{44967A74-7B11-4B95-8DDA-24105CFE8C42}.Release|Any CPU.ActiveCfg = Release|Any CPU
		{44967A74-7B11-4B95-8DDA-24105CFE8C42}.Release|Any CPU.Build.0 = Release|Any CPU
		{B7F89443-48B4-490D-96C6-DFC52FDC9631}.Debug|Any CPU.ActiveCfg = Debug|Any CPU
		{B7F89443-48B4-490D-96C6-DFC52FDC9631}.Debug|Any CPU.Build.0 = Debug|Any CPU
		{B7F89443-48B4-490D-96C6-DFC52FDC9631}.Release|Any CPU.ActiveCfg = Release|Any CPU
		{B7F89443-48B4-490D-96C6-DFC52FDC9631}.Release|Any CPU.Build.0 = Release|Any CPU
		{A9067996-FE22-488E-AEDB-C1A39C0C8A40}.Debug|Any CPU.ActiveCfg = Debug|Any CPU
		{A9067996-FE22-488E-AEDB-C1A39C0C8A40}.Debug|Any CPU.Build.0 = Debug|Any CPU
		{A9067996-FE22-488E-AEDB-C1A39C0C8A40}.Release|Any CPU.ActiveCfg = Release|Any CPU
		{A9067996-FE22-488E-AEDB-C1A39C0C8A40}.Release|Any CPU.Build.0 = Release|Any CPU
		{D1C4A81F-1F37-42B2-8201-7777058F4B49}.Debug|Any CPU.ActiveCfg = Debug|Any CPU
		{D1C4A81F-1F37-42B2-8201-7777058F4B49}.Debug|Any CPU.Build.0 = Debug|Any CPU
		{D1C4A81F-1F37-42B2-8201-7777058F4B49}.Release|Any CPU.ActiveCfg = Release|Any CPU
		{D1C4A81F-1F37-42B2-8201-7777058F4B49}.Release|Any CPU.Build.0 = Release|Any CPU
	EndGlobalSection
	GlobalSection(NestedProjects) = preSolution
		{44967A74-7B11-4B95-8DDA-24105CFE8C42} = {9DC7CC74-4E6A-49AE-B18B-EADF2D89528C}
		{B7F89443-48B4-490D-96C6-DFC52FDC9631} = {9DC7CC74-4E6A-49AE-B18B-EADF2D89528C}
		{3485EA49-812F-4324-8B49-B57E3A828286} = {9DC7CC74-4E6A-49AE-B18B-EADF2D89528C}
		{A9067996-FE22-488E-AEDB-C1A39C0C8A40} = {3485EA49-812F-4324-8B49-B57E3A828286}
		{D1C4A81F-1F37-42B2-8201-7777058F4B49} = {3485EA49-812F-4324-8B49-B57E3A828286}
	EndGlobalSection
EndGlobal
